
Microsoft Visual Studio Solution File, Format Version 12.00
# Visual Studio 15
VisualStudioVersion = 15.0.27703.2047
MinimumVisualStudioVersion = 10.0.40219.1
Project("{FAE04EC0-301F-11D3-BF4B-00C04F79EFBC}") = "NLog.Cassandra", "NLog.Cassandra\NLog.Cassandra.csproj", "{1342EA59-7669-4CC8-816D-B418233D31CD}"
EndProject
Global
	GlobalSection(SolutionConfigurationPlatforms) = preSolution
		Debug|Any CPU = Debug|Any CPU
		Release|Any CPU = Release|Any CPU
	EndGlobalSection
	GlobalSection(ProjectConfigurationPlatforms) = postSolution
		{1342EA59-7669-4CC8-816D-B418233D31CD}.Debug|Any CPU.ActiveCfg = Debug|Any CPU
		{1342EA59-7669-4CC8-816D-B418233D31CD}.Debug|Any CPU.Build.0 = Debug|Any CPU
		{1342EA59-7669-4CC8-816D-B418233D31CD}.Release|Any CPU.ActiveCfg = Release|Any CPU
		{1342EA59-7669-4CC8-816D-B418233D31CD}.Release|Any CPU.Build.0 = Release|Any CPU
	EndGlobalSection
	GlobalSection(SolutionProperties) = preSolution
		HideSolutionNode = FALSE
	EndGlobalSection
	GlobalSection(ExtensibilityGlobals) = postSolution
		SolutionGuid = {FDDAA761-10F0-4C5E-9BE8-337A04514FA3}
	EndGlobalSection
EndGlobal
